
Microsoft Visual Studio Solution File, Format Version 12.00
# Visual Studio Version 17
VisualStudioVersion = 17.1.32421.90
MinimumVisualStudioVersion = 10.0.40219.1
Project("{FAE04EC0-301F-11D3-BF4B-00C04F79EFBC}") = "LoopAndString", "LoopAndString\LoopAndString.csproj", "{A3188B39-F363-40EA-89E4-D805E36CD559}"
EndProject
Global
	GlobalSection(SolutionConfigurationPlatforms) = preSolution
		Debug|Any CPU = Debug|Any CPU
		Release|Any CPU = Release|Any CPU
	EndGlobalSection
	GlobalSection(ProjectConfigurationPlatforms) = postSolution
		{A3188B39-F363-40EA-89E4-D805E36CD559}.Debug|Any CPU.ActiveCfg = Debug|Any CPU
		{A3188B39-F363-40EA-89E4-D805E36CD559}.Debug|Any CPU.Build.0 = Debug|Any CPU
		{A3188B39-F363-40EA-89E4-D805E36CD559}.Release|Any CPU.ActiveCfg = Release|Any CPU
		{A3188B39-F363-40EA-89E4-D805E36CD559}.Release|Any CPU.Build.0 = Release|Any CPU
	EndGlobalSection
	GlobalSection(SolutionProperties) = preSolution
		HideSolutionNode = FALSE
	EndGlobalSection
	GlobalSection(ExtensibilityGlobals) = postSolution
		SolutionGuid = {964B0265-6733-423C-8039-92679C1EFCE6}
	EndGlobalSection
EndGlobal
