
Microsoft Visual Studio Solution File, Format Version 12.00
# Visual Studio Version 17
VisualStudioVersion = 17.1.32421.90
MinimumVisualStudioVersion = 10.0.40219.1
Project("{FAE04EC0-301F-11D3-BF4B-00C04F79EFBC}") = "NumberOfElements", "NumberOfElements\NumberOfElements.csproj", "{9DA1E01D-E724-4E32-863E-6A30015AC7B1}"
EndProject
Global
	GlobalSection(SolutionConfigurationPlatforms) = preSolution
		Debug|Any CPU = Debug|Any CPU
		Release|Any CPU = Release|Any CPU
	EndGlobalSection
	GlobalSection(ProjectConfigurationPlatforms) = postSolution
		{9DA1E01D-E724-4E32-863E-6A30015AC7B1}.Debug|Any CPU.ActiveCfg = Debug|Any CPU
		{9DA1E01D-E724-4E32-863E-6A30015AC7B1}.Debug|Any CPU.Build.0 = Debug|Any CPU
		{9DA1E01D-E724-4E32-863E-6A30015AC7B1}.Release|Any CPU.ActiveCfg = Release|Any CPU
		{9DA1E01D-E724-4E32-863E-6A30015AC7B1}.Release|Any CPU.Build.0 = Release|Any CPU
	EndGlobalSection
	GlobalSection(SolutionProperties) = preSolution
		HideSolutionNode = FALSE
	EndGlobalSection
	GlobalSection(ExtensibilityGlobals) = postSolution
		SolutionGuid = {C5785B1B-AAD4-4F4C-AFA1-C3569F9B7587}
	EndGlobalSection
EndGlobal
